
Microsoft Visual Studio Solution File, Format Version 12.00
# Visual Studio Version 16
VisualStudioVersion = 16.0.32413.511
MinimumVisualStudioVersion = 10.0.40219.1
Project("{FAE04EC0-301F-11D3-BF4B-00C04F79EFBC}") = "ContosoPets", "ContosoPets\ContosoPets.csproj", "{57DCA5E9-59AD-4652-8287-58B0501C3DA7}"
EndProject
Global
	GlobalSection(SolutionConfigurationPlatforms) = preSolution
		Debug|Any CPU = Debug|Any CPU
		Release|Any CPU = Release|Any CPU
	EndGlobalSection
	GlobalSection(ProjectConfigurationPlatforms) = postSolution
		{57DCA5E9-59AD-4652-8287-58B0501C3DA7}.Debug|Any CPU.ActiveCfg = Debug|Any CPU
		{57DCA5E9-59AD-4652-8287-58B0501C3DA7}.Debug|Any CPU.Build.0 = Debug|Any CPU
		{57DCA5E9-59AD-4652-8287-58B0501C3DA7}.Release|Any CPU.ActiveCfg = Release|Any CPU
		{57DCA5E9-59AD-4652-8287-58B0501C3DA7}.Release|Any CPU.Build.0 = Release|Any CPU
	EndGlobalSection
	GlobalSection(SolutionProperties) = preSolution
		HideSolutionNode = FALSE
	EndGlobalSection
	GlobalSection(ExtensibilityGlobals) = postSolution
		SolutionGuid = {67DDB570-9D27-4A81-A126-71AFF7F6A81E}
	EndGlobalSection
EndGlobal
